
Microsoft Visual Studio Solution File, Format Version 12.00
# Visual Studio Version 17
VisualStudioVersion = 17.1.32228.430
MinimumVisualStudioVersion = 10.0.40219.1
Project("{FAE04EC0-301F-11D3-BF4B-00C04F79EFBC}") = "BB-Border-Box-WServices", "BB-Border-Box-WServices\BB-Border-Box-WServices.csproj", "{7B0D91EC-D503-4AAF-8297-EAC3FAF26870}"
EndProject
Project("{FAE04EC0-301F-11D3-BF4B-00C04F79EFBC}") = "BB-Border-Box-CoreService", "BB-Border-Box-CoreService\BB-Border-Box-CoreService.csproj", "{1BA02088-B563-44AB-A4D3-57D85E47F98D}"
EndProject
Project("{FAE04EC0-301F-11D3-BF4B-00C04F79EFBC}") = "BB-Border-Box-EntityService", "BB-Border-Box-EntityService\BB-Border-Box-EntityService.csproj", "{54DA6344-8041-40D3-99BD-1D73B484E075}"
EndProject
Project("{FAE04EC0-301F-11D3-BF4B-00C04F79EFBC}") = "BB-Border-Box-Test", "BB-Border-Box-Test\BB-Border-Box-Test.csproj", "{96C1ECAC-BDE8-49F3-9AA9-64295FDC0E01}"
EndProject
Global
	GlobalSection(SolutionConfigurationPlatforms) = preSolution
		Debug|Any CPU = Debug|Any CPU
		Release|Any CPU = Release|Any CPU
	EndGlobalSection
	GlobalSection(ProjectConfigurationPlatforms) = postSolution
		{7B0D91EC-D503-4AAF-8297-EAC3FAF26870}.Debug|Any CPU.ActiveCfg = Debug|Any CPU
		{7B0D91EC-D503-4AAF-8297-EAC3FAF26870}.Debug|Any CPU.Build.0 = Debug|Any CPU
		{7B0D91EC-D503-4AAF-8297-EAC3FAF26870}.Release|Any CPU.ActiveCfg = Release|Any CPU
		{7B0D91EC-D503-4AAF-8297-EAC3FAF26870}.Release|Any CPU.Build.0 = Release|Any CPU
		{1BA02088-B563-44AB-A4D3-57D85E47F98D}.Debug|Any CPU.ActiveCfg = Debug|Any CPU
		{1BA02088-B563-44AB-A4D3-57D85E47F98D}.Debug|Any CPU.Build.0 = Debug|Any CPU
		{1BA02088-B563-44AB-A4D3-57D85E47F98D}.Release|Any CPU.ActiveCfg = Release|Any CPU
		{1BA02088-B563-44AB-A4D3-57D85E47F98D}.Release|Any CPU.Build.0 = Release|Any CPU
		{54DA6344-8041-40D3-99BD-1D73B484E075}.Debug|Any CPU.ActiveCfg = Debug|Any CPU
		{54DA6344-8041-40D3-99BD-1D73B484E075}.Debug|Any CPU.Build.0 = Debug|Any CPU
		{54DA6344-8041-40D3-99BD-1D73B484E075}.Release|Any CPU.ActiveCfg = Release|Any CPU
		{54DA6344-8041-40D3-99BD-1D73B484E075}.Release|Any CPU.Build.0 = Release|Any CPU
		{96C1ECAC-BDE8-49F3-9AA9-64295FDC0E01}.Debug|Any CPU.ActiveCfg = Debug|Any CPU
		{96C1ECAC-BDE8-49F3-9AA9-64295FDC0E01}.Debug|Any CPU.Build.0 = Debug|Any CPU
		{96C1ECAC-BDE8-49F3-9AA9-64295FDC0E01}.Release|Any CPU.ActiveCfg = Release|Any CPU
		{96C1ECAC-BDE8-49F3-9AA9-64295FDC0E01}.Release|Any CPU.Build.0 = Release|Any CPU
	EndGlobalSection
	GlobalSection(SolutionProperties) = preSolution
		HideSolutionNode = FALSE
	EndGlobalSection
	GlobalSection(ExtensibilityGlobals) = postSolution
		SolutionGuid = {1D45E49B-AC88-4B88-9848-6954ABF4D410}
	EndGlobalSection
EndGlobal
